
Microsoft Visual Studio Solution File, Format Version 12.00
# Visual Studio Version 17
VisualStudioVersion = 17.0.31919.166
MinimumVisualStudioVersion = 10.0.40219.1
Project("{FAE04EC0-301F-11D3-BF4B-00C04F79EFBC}") = "NossoRegistro", "NossoRegistro\NossoRegistro.csproj", "{C0B40761-9204-4607-926D-31996F79B966}"
EndProject
Global
	GlobalSection(SolutionConfigurationPlatforms) = preSolution
		Debug|Any CPU = Debug|Any CPU
		Release|Any CPU = Release|Any CPU
	EndGlobalSection
	GlobalSection(ProjectConfigurationPlatforms) = postSolution
		{C0B40761-9204-4607-926D-31996F79B966}.Debug|Any CPU.ActiveCfg = Debug|Any CPU
		{C0B40761-9204-4607-926D-31996F79B966}.Debug|Any CPU.Build.0 = Debug|Any CPU
		{C0B40761-9204-4607-926D-31996F79B966}.Release|Any CPU.ActiveCfg = Release|Any CPU
		{C0B40761-9204-4607-926D-31996F79B966}.Release|Any CPU.Build.0 = Release|Any CPU
	EndGlobalSection
	GlobalSection(SolutionProperties) = preSolution
		HideSolutionNode = FALSE
	EndGlobalSection
	GlobalSection(ExtensibilityGlobals) = postSolution
		SolutionGuid = {AAD64CCE-B5DB-418B-B635-008081804694}
	EndGlobalSection
EndGlobal
